
Microsoft Visual Studio Solution File, Format Version 12.00
# Visual Studio Version 17
VisualStudioVersion = 17.3.32819.101
MinimumVisualStudioVersion = 10.0.40219.1
Project("{888888A0-9F3D-457C-B088-3A5042F75D52}") = "Programmeringsuppgifter uppgift 5", "Programmeringsuppgifter uppgift 5\Programmeringsuppgifter uppgift 5.pyproj", "{353E8393-CCD2-4E58-B277-A07132001731}"
EndProject
Global
	GlobalSection(SolutionConfigurationPlatforms) = preSolution
		Debug|Any CPU = Debug|Any CPU
		Release|Any CPU = Release|Any CPU
	EndGlobalSection
	GlobalSection(ProjectConfigurationPlatforms) = postSolution
		{353E8393-CCD2-4E58-B277-A07132001731}.Debug|Any CPU.ActiveCfg = Debug|Any CPU
		{353E8393-CCD2-4E58-B277-A07132001731}.Release|Any CPU.ActiveCfg = Release|Any CPU
	EndGlobalSection
	GlobalSection(SolutionProperties) = preSolution
		HideSolutionNode = FALSE
	EndGlobalSection
	GlobalSection(ExtensibilityGlobals) = postSolution
		SolutionGuid = {F7CB29B0-D176-4FE5-BEC7-11A836133659}
	EndGlobalSection
EndGlobal
